// !$*UTF8*$!
{
	archiveVersion = 1;
	classes = {
	};
	objectVersion = 56;
	objects = {

/* Begin PBXBuildFile section */
		A1B2C3D41A2B3C4D00000001 /* SuperSelfApp.swift in Sources */ = {isa = PBXBuildFile; fileRef = A1B2C3D31A2B3C4D00000001 /* SuperSelfApp.swift */; };
		A1B2C3D41A2B3C4D00000002 /* ContentView.swift in Sources */ = {isa = PBXBuildFile; fileRef = A1B2C3D31A2B3C4D00000002 /* ContentView.swift */; };
		A1B2C3D41A2B3C4D00000003 /* TodoItem.swift in Sources */ = {isa = PBXBuildFile; fileRef = A1B2C3D31A2B3C4D00000003 /* TodoItem.swift */; };
		A1B2C3D41A2B3C4D00000004 /* Assets.xcassets in Resources */ = {isa = PBXBuildFile; fileRef = A1B2C3D31A2B3C4D00000004 /* Assets.xcassets */; };
		A1B2C3D41A2B3C4D00000010 /* AppTypes.swift in Sources */ = {isa = PBXBuildFile; fileRef = A1B2C3D31A2B3C4D00000010 /* AppTypes.swift */; };
		A1B2C3D41A2B3C4D00000011 /* ContentView+Pages.swift in Sources */ = {isa = PBXBuildFile; fileRef = A1B2C3D31A2B3C4D00000011 /* ContentView+Pages.swift */; };
		A1B2C3D41A2B3C4D00000012 /* ContentView+Computed.swift in Sources */ = {isa = PBXBuildFile; fileRef = A1B2C3D31A2B3C4D00000012 /* ContentView+Computed.swift */; };
		A1B2C3D41A2B3C4D00000013 /* ContentView+Health.swift in Sources */ = {isa = PBXBuildFile; fileRef = A1B2C3D31A2B3C4D00000013 /* ContentView+Health.swift */; };
		A1B2C3D41A2B3C4D00000014 /* ContentView+Memo.swift in Sources */ = {isa = PBXBuildFile; fileRef = A1B2C3D31A2B3C4D00000014 /* ContentView+Memo.swift */; };
		A1B2C3D41A2B3C4D00000015 /* ContentView+Finance.swift in Sources */ = {isa = PBXBuildFile; fileRef = A1B2C3D31A2B3C4D00000015 /* ContentView+Finance.swift */; };
		A1B2C3D41A2B3C4D00000016 /* ContentView+Persistence.swift in Sources */ = {isa = PBXBuildFile; fileRef = A1B2C3D31A2B3C4D00000016 /* ContentView+Persistence.swift */; };
		A1B2C3D41A2B3C4D00000017 /* ContentView+Formatting.swift in Sources */ = {isa = PBXBuildFile; fileRef = A1B2C3D31A2B3C4D00000017 /* ContentView+Formatting.swift */; };
		A1B2C3D41A2B3C4D00000018 /* SharedComponents.swift in Sources */ = {isa = PBXBuildFile; fileRef = A1B2C3D31A2B3C4D00000018 /* SharedComponents.swift */; };
		A1B2C3D41A2B3C4D00000019 /* FeatureRowsAndSheets.swift in Sources */ = {isa = PBXBuildFile; fileRef = A1B2C3D31A2B3C4D00000019 /* FeatureRowsAndSheets.swift */; };
		A1B2C3D41A2B3C4D00000020 /* Charts.swift in Sources */ = {isa = PBXBuildFile; fileRef = A1B2C3D31A2B3C4D00000020 /* Charts.swift */; };
/* End PBXBuildFile section */

/* Begin PBXFileReference section */
		A1B2C3D31A2B3C4D00000001 /* SuperSelfApp.swift */ = {isa = PBXFileReference; lastKnownFileType = sourcecode.swift; path = SuperSelfApp.swift; sourceTree = "<group>"; };
		A1B2C3D31A2B3C4D00000002 /* ContentView.swift */ = {isa = PBXFileReference; lastKnownFileType = sourcecode.swift; path = ContentView.swift; sourceTree = "<group>"; };
		A1B2C3D31A2B3C4D00000003 /* TodoItem.swift */ = {isa = PBXFileReference; lastKnownFileType = sourcecode.swift; path = TodoItem.swift; sourceTree = "<group>"; };
		A1B2C3D31A2B3C4D00000004 /* Assets.xcassets */ = {isa = PBXFileReference; lastKnownFileType = folder.assetcatalog; path = Assets.xcassets; sourceTree = "<group>"; };
		A1B2C3D31A2B3C4D00000005 /* SuperSelf.app */ = {isa = PBXFileReference; explicitFileType = wrapper.application; includeInIndex = 0; path = SuperSelf.app; sourceTree = BUILT_PRODUCTS_DIR; };
		A1B2C3D31A2B3C4D00000006 /* SuperSelf.entitlements */ = {isa = PBXFileReference; lastKnownFileType = text.plist.entitlements; path = SuperSelf.entitlements; sourceTree = "<group>"; };
		A1B2C3D31A2B3C4D00000010 /* AppTypes.swift */ = {isa = PBXFileReference; lastKnownFileType = sourcecode.swift; path = AppTypes.swift; sourceTree = "<group>"; };
		A1B2C3D31A2B3C4D00000011 /* ContentView+Pages.swift */ = {isa = PBXFileReference; lastKnownFileType = sourcecode.swift; path = "ContentView+Pages.swift"; sourceTree = "<group>"; };
		A1B2C3D31A2B3C4D00000012 /* ContentView+Computed.swift */ = {isa = PBXFileReference; lastKnownFileType = sourcecode.swift; path = "ContentView+Computed.swift"; sourceTree = "<group>"; };
		A1B2C3D31A2B3C4D00000013 /* ContentView+Health.swift */ = {isa = PBXFileReference; lastKnownFileType = sourcecode.swift; path = "ContentView+Health.swift"; sourceTree = "<group>"; };
		A1B2C3D31A2B3C4D00000014 /* ContentView+Memo.swift */ = {isa = PBXFileReference; lastKnownFileType = sourcecode.swift; path = "ContentView+Memo.swift"; sourceTree = "<group>"; };
		A1B2C3D31A2B3C4D00000015 /* ContentView+Finance.swift */ = {isa = PBXFileReference; lastKnownFileType = sourcecode.swift; path = "ContentView+Finance.swift"; sourceTree = "<group>"; };
		A1B2C3D31A2B3C4D00000016 /* ContentView+Persistence.swift */ = {isa = PBXFileReference; lastKnownFileType = sourcecode.swift; path = "ContentView+Persistence.swift"; sourceTree = "<group>"; };
		A1B2C3D31A2B3C4D00000017 /* ContentView+Formatting.swift */ = {isa = PBXFileReference; lastKnownFileType = sourcecode.swift; path = "ContentView+Formatting.swift"; sourceTree = "<group>"; };
		A1B2C3D31A2B3C4D00000018 /* SharedComponents.swift */ = {isa = PBXFileReference; lastKnownFileType = sourcecode.swift; path = SharedComponents.swift; sourceTree = "<group>"; };
		A1B2C3D31A2B3C4D00000019 /* FeatureRowsAndSheets.swift */ = {isa = PBXFileReference; lastKnownFileType = sourcecode.swift; path = FeatureRowsAndSheets.swift; sourceTree = "<group>"; };
		A1B2C3D31A2B3C4D00000020 /* Charts.swift */ = {isa = PBXFileReference; lastKnownFileType = sourcecode.swift; path = Charts.swift; sourceTree = "<group>"; };
/* End PBXFileReference section */

/* Begin PBXFrameworksBuildPhase section */
		A1B2C3D51A2B3C4D00000001 /* Frameworks */ = {
			isa = PBXFrameworksBuildPhase;
			buildActionMask = 2147483647;
			files = (
			);
			runOnlyForDeploymentPostprocessing = 0;
		};
/* End PBXFrameworksBuildPhase section */

/* Begin PBXGroup section */
		A1B2C3D61A2B3C4D00000001 = {
			isa = PBXGroup;
			children = (
				A1B2C3D61A2B3C4D00000002 /* SuperSelf */,
				A1B2C3D61A2B3C4D00000003 /* Products */,
			);
			sourceTree = "<group>";
		};
		A1B2C3D61A2B3C4D00000002 /* SuperSelf */ = {
			isa = PBXGroup;
			children = (
				A1B2C3D31A2B3C4D00000001 /* SuperSelfApp.swift */,
				A1B2C3D31A2B3C4D00000002 /* ContentView.swift */,
				A1B2C3D31A2B3C4D00000003 /* TodoItem.swift */,
				A1B2C3D31A2B3C4D00000006 /* SuperSelf.entitlements */,
				A1B2C3D61A2B3C4D00000004 /* Core */,
				A1B2C3D61A2B3C4D00000005 /* Features */,
				A1B2C3D61A2B3C4D00000010 /* Services */,
				A1B2C3D61A2B3C4D00000011 /* UI */,
				A1B2C3D31A2B3C4D00000004 /* Assets.xcassets */,
			);
			path = SuperSelf;
			sourceTree = "<group>";
		};
		A1B2C3D61A2B3C4D00000003 /* Products */ = {
			isa = PBXGroup;
			children = (
				A1B2C3D31A2B3C4D00000005 /* SuperSelf.app */,
			);
			name = Products;
			sourceTree = "<group>";
		};
		A1B2C3D61A2B3C4D00000004 /* Core */ = {
			isa = PBXGroup;
			children = (
				A1B2C3D31A2B3C4D00000010 /* AppTypes.swift */,
				A1B2C3D31A2B3C4D00000012 /* ContentView+Computed.swift */,
				A1B2C3D31A2B3C4D00000017 /* ContentView+Formatting.swift */,
			);
			path = Core;
			sourceTree = "<group>";
		};
		A1B2C3D61A2B3C4D00000005 /* Features */ = {
			isa = PBXGroup;
			children = (
				A1B2C3D61A2B3C4D00000006 /* Health */,
				A1B2C3D61A2B3C4D00000007 /* Memo */,
				A1B2C3D61A2B3C4D00000008 /* Finance */,
				A1B2C3D61A2B3C4D00000009 /* Profile */,
			);
			path = Features;
			sourceTree = "<group>";
		};
		A1B2C3D61A2B3C4D00000006 /* Health */ = {
			isa = PBXGroup;
			children = (
				A1B2C3D31A2B3C4D00000013 /* ContentView+Health.swift */,
			);
			path = Health;
			sourceTree = "<group>";
		};
		A1B2C3D61A2B3C4D00000007 /* Memo */ = {
			isa = PBXGroup;
			children = (
				A1B2C3D31A2B3C4D00000014 /* ContentView+Memo.swift */,
			);
			path = Memo;
			sourceTree = "<group>";
		};
		A1B2C3D61A2B3C4D00000008 /* Finance */ = {
			isa = PBXGroup;
			children = (
				A1B2C3D31A2B3C4D00000015 /* ContentView+Finance.swift */,
			);
			path = Finance;
			sourceTree = "<group>";
		};
		A1B2C3D61A2B3C4D00000009 /* Profile */ = {
			isa = PBXGroup;
			children = (
				A1B2C3D31A2B3C4D00000011 /* ContentView+Pages.swift */,
			);
			path = Profile;
			sourceTree = "<group>";
		};
		A1B2C3D61A2B3C4D00000010 /* Services */ = {
			isa = PBXGroup;
			children = (
				A1B2C3D31A2B3C4D00000016 /* ContentView+Persistence.swift */,
			);
			path = Services;
			sourceTree = "<group>";
		};
		A1B2C3D61A2B3C4D00000011 /* UI */ = {
			isa = PBXGroup;
			children = (
				A1B2C3D31A2B3C4D00000018 /* SharedComponents.swift */,
				A1B2C3D31A2B3C4D00000019 /* FeatureRowsAndSheets.swift */,
				A1B2C3D31A2B3C4D00000020 /* Charts.swift */,
			);
			path = UI;
			sourceTree = "<group>";
		};
/* End PBXGroup section */

/* Begin PBXNativeTarget section */
		A1B2C3D71A2B3C4D00000001 /* SuperSelf */ = {
			isa = PBXNativeTarget;
			buildConfigurationList = A1B2C3DC1A2B3C4D00000001 /* Build configuration list for PBXNativeTarget "SuperSelf" */;
			buildPhases = (
				A1B2C3D81A2B3C4D00000001 /* Sources */,
				A1B2C3D51A2B3C4D00000001 /* Frameworks */,
				A1B2C3D91A2B3C4D00000001 /* Resources */,
			);
			buildRules = (
			);
			dependencies = (
			);
			name = SuperSelf;
			productName = SuperSelf;
			productReference = A1B2C3D31A2B3C4D00000005 /* SuperSelf.app */;
			productType = "com.apple.product-type.application";
		};
/* End PBXNativeTarget section */

/* Begin PBXProject section */
		A1B2C3DA1A2B3C4D00000001 /* Project object */ = {
			isa = PBXProject;
			attributes = {
				BuildIndependentTargetsInParallel = 1;
				LastSwiftUpdateCheck = 1500;
				LastUpgradeCheck = 1500;
				TargetAttributes = {
					A1B2C3D71A2B3C4D00000001 = {
						CreatedOnToolsVersion = 15.0;
						SystemCapabilities = {
							com.apple.iCloud = {
								enabled = 1;
							};
						};
					};
				};
			};
			buildConfigurationList = A1B2C3DC1A2B3C4D00000002 /* Build configuration list for PBXProject "SuperSelf" */;
			compatibilityVersion = "Xcode 14.0";
			developmentRegion = en;
			hasScannedForEncodings = 0;
			knownRegions = (
				en,
				Base,
			);
			mainGroup = A1B2C3D61A2B3C4D00000001;
			productRefGroup = A1B2C3D61A2B3C4D00000003 /* Products */;
			projectDirPath = "";
			projectRoot = "";
			targets = (
				A1B2C3D71A2B3C4D00000001 /* SuperSelf */,
			);
		};
/* End PBXProject section */

/* Begin PBXResourcesBuildPhase section */
		A1B2C3D91A2B3C4D00000001 /* Resources */ = {
			isa = PBXResourcesBuildPhase;
			buildActionMask = 2147483647;
			files = (
				A1B2C3D41A2B3C4D00000004 /* Assets.xcassets in Resources */,
			);
			runOnlyForDeploymentPostprocessing = 0;
		};
/* End PBXResourcesBuildPhase section */

/* Begin PBXSourcesBuildPhase section */
		A1B2C3D81A2B3C4D00000001 /* Sources */ = {
			isa = PBXSourcesBuildPhase;
			buildActionMask = 2147483647;
			files = (
				A1B2C3D41A2B3C4D00000001 /* SuperSelfApp.swift in Sources */,
				A1B2C3D41A2B3C4D00000002 /* ContentView.swift in Sources */,
				A1B2C3D41A2B3C4D00000003 /* TodoItem.swift in Sources */,
				A1B2C3D41A2B3C4D00000010 /* AppTypes.swift in Sources */,
				A1B2C3D41A2B3C4D00000011 /* ContentView+Pages.swift in Sources */,
				A1B2C3D41A2B3C4D00000012 /* ContentView+Computed.swift in Sources */,
				A1B2C3D41A2B3C4D00000013 /* ContentView+Health.swift in Sources */,
				A1B2C3D41A2B3C4D00000014 /* ContentView+Memo.swift in Sources */,
				A1B2C3D41A2B3C4D00000015 /* ContentView+Finance.swift in Sources */,
				A1B2C3D41A2B3C4D00000016 /* ContentView+Persistence.swift in Sources */,
				A1B2C3D41A2B3C4D00000017 /* ContentView+Formatting.swift in Sources */,
				A1B2C3D41A2B3C4D00000018 /* SharedComponents.swift in Sources */,
				A1B2C3D41A2B3C4D00000019 /* FeatureRowsAndSheets.swift in Sources */,
				A1B2C3D41A2B3C4D00000020 /* Charts.swift in Sources */,
			);
			runOnlyForDeploymentPostprocessing = 0;
		};
/* End PBXSourcesBuildPhase section */

/* Begin XCBuildConfiguration section */
		A1B2C3DB1A2B3C4D00000001 /* Debug */ = {
			isa = XCBuildConfiguration;
			buildSettings = {
				ALWAYS_SEARCH_USER_PATHS = NO;
				CLANG_ANALYZER_NONNULL = YES;
				CLANG_ANALYZER_NUMBER_OBJECT_CONVERSION = YES_AGGRESSIVE;
				CLANG_CXX_LANGUAGE_STANDARD = "gnu++20";
				CLANG_ENABLE_MODULES = YES;
				CLANG_ENABLE_OBJC_ARC = YES;
				CLANG_ENABLE_OBJC_WEAK = YES;
				CLANG_WARN_BLOCK_CAPTURE_AUTORELEASING = YES;
				CLANG_WARN_BOOL_CONVERSION = YES;
				CLANG_WARN_COMMA = YES;
				CLANG_WARN_CONSTANT_CONVERSION = YES;
				CLANG_WARN_DEPRECATED_OBJC_IMPLEMENTATIONS = YES;
				CLANG_WARN_DIRECT_OBJC_ISA_USAGE = YES_ERROR;
				CLANG_WARN_DOCUMENTATION_COMMENTS = YES;
				CLANG_WARN_EMPTY_BODY = YES;
				CLANG_WARN_ENUM_CONVERSION = YES;
				CLANG_WARN_INFINITE_RECURSION = YES;
				CLANG_WARN_INT_CONVERSION = YES;
				CLANG_WARN_NON_LITERAL_NULL_CONVERSION = YES;
				CLANG_WARN_OBJC_IMPLICIT_RETAIN_SELF = YES;
				CLANG_WARN_OBJC_LITERAL_CONVERSION = YES;
				CLANG_WARN_OBJC_ROOT_CLASS = YES_ERROR;
				CLANG_WARN_QUOTED_INCLUDE_IN_FRAMEWORK_HEADER = YES;
				CLANG_WARN_RANGE_LOOP_ANALYSIS = YES;
				CLANG_WARN_STRICT_PROTOTYPES = YES;
				CLANG_WARN_SUSPICIOUS_MOVE = YES;
				CLANG_WARN_UNGUARDED_AVAILABILITY = YES_AGGRESSIVE;
				CLANG_WARN_UNREACHABLE_CODE = YES;
				CLANG_WARN__DUPLICATE_METHOD_MATCH = YES;
				COPY_PHASE_STRIP = NO;
				DEBUG_INFORMATION_FORMAT = dwarf;
				ENABLE_STRICT_OBJC_MSGSEND = YES;
				ENABLE_TESTABILITY = YES;
				ENABLE_USER_SCRIPT_SANDBOXING = YES;
				GCC_C_LANGUAGE_STANDARD = gnu17;
				GCC_DYNAMIC_NO_PIC = NO;
				GCC_NO_COMMON_BLOCKS = YES;
				GCC_OPTIMIZATION_LEVEL = 0;
				GCC_PREPROCESSOR_DEFINITIONS = (
					"DEBUG=1",
					"$(inherited)",
				);
				GCC_WARN_64_TO_32_BIT_CONVERSION = YES;
				GCC_WARN_ABOUT_RETURN_TYPE = YES_ERROR;
				GCC_WARN_UNDECLARED_SELECTOR = YES;
				GCC_WARN_UNINITIALIZED_AUTOS = YES_AGGRESSIVE;
				GCC_WARN_UNUSED_FUNCTION = YES;
				GCC_WARN_UNUSED_VARIABLE = YES;
				IPHONEOS_DEPLOYMENT_TARGET = 17.0;
				MTL_ENABLE_DEBUG_INFO = INCLUDE_SOURCE;
				MTL_FAST_MATH = YES;
				ONLY_ACTIVE_ARCH = YES;
				SDKROOT = iphoneos;
				SWIFT_ACTIVE_COMPILATION_CONDITIONS = DEBUG;
				SWIFT_OPTIMIZATION_LEVEL = "-Onone";
			};
			name = Debug;
		};
		A1B2C3DB1A2B3C4D00000002 /* Release */ = {
			isa = XCBuildConfiguration;
			buildSettings = {
				ALWAYS_SEARCH_USER_PATHS = NO;
				CLANG_ANALYZER_NONNULL = YES;
				CLANG_ANALYZER_NUMBER_OBJECT_CONVERSION = YES_AGGRESSIVE;
				CLANG_CXX_LANGUAGE_STANDARD = "gnu++20";
				CLANG_ENABLE_MODULES = YES;
				CLANG_ENABLE_OBJC_ARC = YES;
				CLANG_ENABLE_OBJC_WEAK = YES;
				CLANG_WARN_BLOCK_CAPTURE_AUTORELEASING = YES;
				CLANG_WARN_BOOL_CONVERSION = YES;
				CLANG_WARN_COMMA = YES;
				CLANG_WARN_CONSTANT_CONVERSION = YES;
				CLANG_WARN_DEPRECATED_OBJC_IMPLEMENTATIONS = YES;
				CLANG_WARN_DIRECT_OBJC_ISA_USAGE = YES_ERROR;
				CLANG_WARN_DOCUMENTATION_COMMENTS = YES;
				CLANG_WARN_EMPTY_BODY = YES;
				CLANG_WARN_ENUM_CONVERSION = YES;
				CLANG_WARN_INFINITE_RECURSION = YES;
				CLANG_WARN_INT_CONVERSION = YES;
				CLANG_WARN_NON_LITERAL_NULL_CONVERSION = YES;
				CLANG_WARN_OBJC_IMPLICIT_RETAIN_SELF = YES;
				CLANG_WARN_OBJC_LITERAL_CONVERSION = YES;
				CLANG_WARN_OBJC_ROOT_CLASS = YES_ERROR;
				CLANG_WARN_QUOTED_INCLUDE_IN_FRAMEWORK_HEADER = YES;
				CLANG_WARN_RANGE_LOOP_ANALYSIS = YES;
				CLANG_WARN_STRICT_PROTOTYPES = YES;
				CLANG_WARN_SUSPICIOUS_MOVE = YES;
				CLANG_WARN_UNGUARDED_AVAILABILITY = YES_AGGRESSIVE;
				CLANG_WARN_UNREACHABLE_CODE = YES;
				CLANG_WARN__DUPLICATE_METHOD_MATCH = YES;
				COPY_PHASE_STRIP = NO;
				DEBUG_INFORMATION_FORMAT = "dwarf-with-dsym";
				ENABLE_NS_ASSERTIONS = NO;
				ENABLE_STRICT_OBJC_MSGSEND = YES;
				ENABLE_USER_SCRIPT_SANDBOXING = YES;
				GCC_C_LANGUAGE_STANDARD = gnu17;
				GCC_NO_COMMON_BLOCKS = YES;
				GCC_WARN_64_TO_32_BIT_CONVERSION = YES;
				GCC_WARN_ABOUT_RETURN_TYPE = YES_ERROR;
				GCC_WARN_UNDECLARED_SELECTOR = YES;
				GCC_WARN_UNINITIALIZED_AUTOS = YES_AGGRESSIVE;
				GCC_WARN_UNUSED_FUNCTION = YES;
				GCC_WARN_UNUSED_VARIABLE = YES;
				IPHONEOS_DEPLOYMENT_TARGET = 17.0;
				MTL_ENABLE_DEBUG_INFO = NO;
				MTL_FAST_MATH = YES;
				SDKROOT = iphoneos;
				SWIFT_COMPILATION_MODE = wholemodule;
			};
			name = Release;
		};
		A1B2C3DB1A2B3C4D00000003 /* Debug */ = {
			isa = XCBuildConfiguration;
			buildSettings = {
				ASSETCATALOG_COMPILER_APPICON_NAME = AppIcon;
				ASSETCATALOG_COMPILER_GLOBAL_ACCENT_COLOR_NAME = AccentColor;
				CODE_SIGN_ENTITLEMENTS = SuperSelf/SuperSelf.entitlements;
				CODE_SIGN_IDENTITY = "Apple Development";
				CODE_SIGN_STYLE = Automatic;
				CURRENT_PROJECT_VERSION = 1;
				DEVELOPMENT_ASSET_PATHS = "";
				DEVELOPMENT_TEAM = "";
				ENABLE_PREVIEWS = YES;
				GENERATE_INFOPLIST_FILE = YES;
				INFOPLIST_KEY_CFBundleDisplayName = SuperSelf;
				INFOPLIST_KEY_UIApplicationSceneManifest_Generation = YES;
				INFOPLIST_KEY_UIApplicationSupportsIndirectInputEvents = YES;
				INFOPLIST_KEY_UILaunchScreen_Generation = YES;
				INFOPLIST_KEY_UISupportedInterfaceOrientations_iPad = "UIInterfaceOrientationPortrait UIInterfaceOrientationPortraitUpsideDown UIInterfaceOrientationLandscapeLeft UIInterfaceOrientationLandscapeRight";
				INFOPLIST_KEY_UISupportedInterfaceOrientations_iPhone = "UIInterfaceOrientationPortrait UIInterfaceOrientationLandscapeLeft UIInterfaceOrientationLandscapeRight";
				IPHONEOS_DEPLOYMENT_TARGET = 17.0;
				MARKETING_VERSION = 1.0;
				PRODUCT_BUNDLE_IDENTIFIER = com.wayne.superself;
				PRODUCT_NAME = SuperSelf;
				PROVISIONING_PROFILE_SPECIFIER = "";
				SUPPORTED_PLATFORMS = "iphoneos iphonesimulator";
				SUPPORTS_MACCATALYST = NO;
				SUPPORTS_MAC_DESIGNED_FOR_IPHONE_IPAD = NO;
				SWIFT_EMIT_LOC_STRINGS = YES;
				SWIFT_VERSION = 5.0;
				TARGETED_DEVICE_FAMILY = "1,2";
			};
			name = Debug;
		};
		A1B2C3DB1A2B3C4D00000004 /* Release */ = {
			isa = XCBuildConfiguration;
			buildSettings = {
				ASSETCATALOG_COMPILER_APPICON_NAME = AppIcon;
				ASSETCATALOG_COMPILER_GLOBAL_ACCENT_COLOR_NAME = AccentColor;
				CODE_SIGN_ENTITLEMENTS = SuperSelf/SuperSelf.entitlements;
				CODE_SIGN_IDENTITY = "Apple Development";
				CODE_SIGN_STYLE = Automatic;
				CURRENT_PROJECT_VERSION = 1;
				DEVELOPMENT_ASSET_PATHS = "";
				DEVELOPMENT_TEAM = "";
				ENABLE_PREVIEWS = YES;
				GENERATE_INFOPLIST_FILE = YES;
				INFOPLIST_KEY_CFBundleDisplayName = SuperSelf;
				INFOPLIST_KEY_UIApplicationSceneManifest_Generation = YES;
				INFOPLIST_KEY_UIApplicationSupportsIndirectInputEvents = YES;
				INFOPLIST_KEY_UILaunchScreen_Generation = YES;
				INFOPLIST_KEY_UISupportedInterfaceOrientations_iPad = "UIInterfaceOrientationPortrait UIInterfaceOrientationPortraitUpsideDown UIInterfaceOrientationLandscapeLeft UIInterfaceOrientationLandscapeRight";
				INFOPLIST_KEY_UISupportedInterfaceOrientations_iPhone = "UIInterfaceOrientationPortrait UIInterfaceOrientationLandscapeLeft UIInterfaceOrientationLandscapeRight";
				IPHONEOS_DEPLOYMENT_TARGET = 17.0;
				MARKETING_VERSION = 1.0;
				PRODUCT_BUNDLE_IDENTIFIER = com.wayne.superself;
				PRODUCT_NAME = SuperSelf;
				PROVISIONING_PROFILE_SPECIFIER = "";
				SUPPORTED_PLATFORMS = "iphoneos iphonesimulator";
				SUPPORTS_MACCATALYST = NO;
				SUPPORTS_MAC_DESIGNED_FOR_IPHONE_IPAD = NO;
				SWIFT_EMIT_LOC_STRINGS = YES;
				SWIFT_VERSION = 5.0;
				TARGETED_DEVICE_FAMILY = "1,2";
			};
			name = Release;
		};
/* End XCBuildConfiguration section */

/* Begin XCConfigurationList section */
		A1B2C3DC1A2B3C4D00000001 /* Build configuration list for PBXNativeTarget "SuperSelf" */ = {
			isa = XCConfigurationList;
			buildConfigurations = (
				A1B2C3DB1A2B3C4D00000003 /* Debug */,
				A1B2C3DB1A2B3C4D00000004 /* Release */,
			);
			defaultConfigurationIsVisible = 0;
			defaultConfigurationName = Release;
		};
		A1B2C3DC1A2B3C4D00000002 /* Build configuration list for PBXProject "SuperSelf" */ = {
			isa = XCConfigurationList;
			buildConfigurations = (
				A1B2C3DB1A2B3C4D00000001 /* Debug */,
				A1B2C3DB1A2B3C4D00000002 /* Release */,
			);
			defaultConfigurationIsVisible = 0;
			defaultConfigurationName = Release;
		};
/* End XCConfigurationList section */
	};
	rootObject = A1B2C3DA1A2B3C4D00000001 /* Project object */;
}
